Microsoft Visual Studio Solution File, Format Version 12.00
# Visual Studio Version 16
VisualStudioVersion = 16.0.29411.108
MinimumVisualStudioVersion = 10.0.40219.1
Project("{9A19103F-16F7-4668-BE54-9A1E7A4F7556}") = "productService", "productService\productService.csproj", "{9154C2FC-0E68-41F4-A71C-C853C722114B}"
EndProject
Project("{9A19103F-16F7-4668-BE54-9A1E7A4F7556}") = "OrderService", "OrderService\OrderService.csproj", "{BE806969-51C2-4FA4-A193-3CD67C929AC4}"
EndProject
Project("{9A19103F-16F7-4668-BE54-9A1E7A4F7556}") = "TaskTest", "TaskTest\TaskTest.csproj", "{AEC522D7-A388-4164-8DA3-DA33A1702A9C}"
EndProject
Project("{FAE04EC0-301F-11D3-BF4B-00C04F79EFBC}") = "ConsulService", "ConsulService\ConsulService.csproj", "{50E92088-3BA0-46FF-BA30-7C6D2E48F349}"
EndProject
Project("{FAE04EC0-301F-11D3-BF4B-00C04F79EFBC}") = "OcelotApiGateway", "OcelotApiGateway\OcelotApiGateway.csproj", "{2A0894F0-5544-423F-A50A-B45CF3BF49CB}"
EndProject
Project("{FAE04EC0-301F-11D3-BF4B-00C04F79EFBC}") = "IdentityServer", "IdentityServer\IdentityServer.csproj", "{15A2C85B-1A5F-4ADC-9FE2-EF630AD269A5}"
EndProject
Project("{FAE04EC0-301F-11D3-BF4B-00C04F79EFBC}") = "gRPC", "gRPC\gRPC.csproj", "{687B5E47-3675-4F15-93A1-8CD9E34E0085}"
EndProject
Project("{FAE04EC0-301F-11D3-BF4B-00C04F79EFBC}") = "gRPCClient", "gRPCClient\gRPCClient.csproj", "{84E75D81-4433-49E7-B2BD-639FCF53A7BE}"
EndProject
Global
	GlobalSection(SolutionConfigurationPlatforms) = preSolution
		Debug|Any CPU = Debug|Any CPU
		Release|Any CPU = Release|Any CPU
	EndGlobalSection
	GlobalSection(ProjectConfigurationPlatforms) = postSolution
		{9154C2FC-0E68-41F4-A71C-C853C722114B}.Debug|Any CPU.ActiveCfg = Debug|Any CPU
		{9154C2FC-0E68-41F4-A71C-C853C722114B}.Debug|Any CPU.Build.0 = Debug|Any CPU
		{9154C2FC-0E68-41F4-A71C-C853C722114B}.Release|Any CPU.ActiveCfg = Release|Any CPU
		{9154C2FC-0E68-41F4-A71C-C853C722114B}.Release|Any CPU.Build.0 = Release|Any CPU
		{BE806969-51C2-4FA4-A193-3CD67C929AC4}.Debug|Any CPU.ActiveCfg = Debug|Any CPU
		{BE806969-51C2-4FA4-A193-3CD67C929AC4}.Debug|Any CPU.Build.0 = Debug|Any CPU
		{BE806969-51C2-4FA4-A193-3CD67C929AC4}.Release|Any CPU.ActiveCfg = Release|Any CPU
		{BE806969-51C2-4FA4-A193-3CD67C929AC4}.Release|Any CPU.Build.0 = Release|Any CPU
		{AEC522D7-A388-4164-8DA3-DA33A1702A9C}.Debug|Any CPU.ActiveCfg = Debug|Any CPU
		{AEC522D7-A388-4164-8DA3-DA33A1702A9C}.Debug|Any CPU.Build.0 = Debug|Any CPU
		{AEC522D7-A388-4164-8DA3-DA33A1702A9C}.Release|Any CPU.ActiveCfg = Release|Any CPU
		{AEC522D7-A388-4164-8DA3-DA33A1702A9C}.Release|Any CPU.Build.0 = Release|Any CPU
		{50E92088-3BA0-46FF-BA30-7C6D2E48F349}.Debug|Any CPU.ActiveCfg = Debug|Any CPU
		{50E92088-3BA0-46FF-BA30-7C6D2E48F349}.Debug|Any CPU.Build.0 = Debug|Any CPU
		{50E92088-3BA0-46FF-BA30-7C6D2E48F349}.Release|Any CPU.ActiveCfg = Release|Any CPU
		{50E92088-3BA0-46FF-BA30-7C6D2E48F349}.Release|Any CPU.Build.0 = Release|Any CPU
		{2A0894F0-5544-423F-A50A-B45CF3BF49CB}.Debug|Any CPU.ActiveCfg = Debug|Any CPU
		{2A0894F0-5544-423F-A50A-B45CF3BF49CB}.Debug|Any CPU.Build.0 = Debug|Any CPU
		{2A0894F0-5544-423F-A50A-B45CF3BF49CB}.Release|Any CPU.ActiveCfg = Release|Any CPU
		{2A0894F0-5544-423F-A50A-B45CF3BF49CB}.Release|Any CPU.Build.0 = Release|Any CPU
		{15A2C85B-1A5F-4ADC-9FE2-EF630AD269A5}.Debug|Any CPU.ActiveCfg = Debug|Any CPU
		{15A2C85B-1A5F-4ADC-9FE2-EF630AD269A5}.Debug|Any CPU.Build.0 = Debug|Any CPU
		{15A2C85B-1A5F-4ADC-9FE2-EF630AD269A5}.Release|Any CPU.ActiveCfg = Release|Any CPU
		{15A2C85B-1A5F-4ADC-9FE2-EF630AD269A5}.Release|Any CPU.Build.0 = Release|Any CPU
		{687B5E47-3675-4F15-93A1-8CD9E34E0085}.Debug|Any CPU.ActiveCfg = Debug|Any CPU
		{687B5E47-3675-4F15-93A1-8CD9E34E0085}.Debug|Any CPU.Build.0 = Debug|Any CPU
		{687B5E47-3675-4F15-93A1-8CD9E34E0085}.Release|Any CPU.ActiveCfg = Release|Any CPU
		{687B5E47-3675-4F15-93A1-8CD9E34E0085}.Release|Any CPU.Build.0 = Release|Any CPU
		{84E75D81-4433-49E7-B2BD-639FCF53A7BE}.Debug|Any CPU.ActiveCfg = Debug|Any CPU
		{84E75D81-4433-49E7-B2BD-639FCF53A7BE}.Debug|Any CPU.Build.0 = Debug|Any CPU
		{84E75D81-4433-49E7-B2BD-639FCF53A7BE}.Release|Any CPU.ActiveCfg = Release|Any CPU
		{84E75D81-4433-49E7-B2BD-639FCF53A7BE}.Release|Any CPU.Build.0 = Release|Any CPU
	EndGlobalSection
	GlobalSection(SolutionProperties) = preSolution
		HideSolutionNode = FALSE
	EndGlobalSection
	GlobalSection(ExtensibilityGlobals) = postSolution
		SolutionGuid = {50AC6F27-7F6E-42C1-8A15-3497C4B9B26F}
	EndGlobalSection
EndGlobal
